// !$*UTF8*$!
{
	archiveVersion = 1;
	classes = {
	};
	objectVersion = 51;
	objects = {

/* Begin PBXBuildFile section */
		471150732689CD6D0099BA5C /* LocationManager.swift in Sources */ = {isa = PBXBuildFile; fileRef = 471150722689CD6D0099BA5C /* LocationManager.swift */; };
		471150752689D10F0099BA5C /* GoogleService-Info.plist in Resources */ = {isa = PBXBuildFile; fileRef = 471150742689D10F0099BA5C /* GoogleService-Info.plist */; };
		4713E2CC2685D378004931EA /* corkiosApp.swift in Sources */ = {isa = PBXBuildFile; fileRef = 4713E2CB2685D378004931EA /* corkiosApp.swift */; };
		4713E2D02685D379004931EA /* Assets.xcassets in Resources */ = {isa = PBXBuildFile; fileRef = 4713E2CF2685D379004931EA /* Assets.xcassets */; };
		4713E2D32685D379004931EA /* Preview Assets.xcassets in Resources */ = {isa = PBXBuildFile; fileRef = 4713E2D22685D379004931EA /* Preview Assets.xcassets */; };
		4713E2DE2685D37A004931EA /* corkiosTests.swift in Sources */ = {isa = PBXBuildFile; fileRef = 4713E2DD2685D37A004931EA /* corkiosTests.swift */; };
		4713E2E92685D37A004931EA /* corkiosUITests.swift in Sources */ = {isa = PBXBuildFile; fileRef = 4713E2E82685D37A004931EA /* corkiosUITests.swift */; };
		475417BC268DC5BC00C3A415 /* centres_educatius.json in Resources */ = {isa = PBXBuildFile; fileRef = 475417BB268DC5BC00C3A415 /* centres_educatius.json */; };
		479B3F3B2691FFFD008FE34D /* SignInView.swift in Sources */ = {isa = PBXBuildFile; fileRef = 479B3F3A2691FFFD008FE34D /* SignInView.swift */; };
		479B3F3D269200A4008FE34D /* ContentView.swift in Sources */ = {isa = PBXBuildFile; fileRef = 479B3F3C269200A4008FE34D /* ContentView.swift */; };
		B1827CB20B5192A7926D89B3 /* Pods_corkios.framework in Frameworks */ = {isa = PBXBuildFile; fileRef = C561CEC3936DBDF919C62D8F /* Pods_corkios.framework */; };
		B5BEA10CA680225B74E89980 /* Pods_corkiosTests.framework in Frameworks */ = {isa = PBXBuildFile; fileRef = 5EB47E1E177120DE1EDB5AC6 /* Pods_corkiosTests.framework */; };
		BF01CD84FFF91E3ED33AB00B /* Pods_corkios_corkiosUITests.framework in Frameworks */ = {isa = PBXBuildFile; fileRef = F30F689F6E4DA4AC650DAA7C /* Pods_corkios_corkiosUITests.framework */; };
/* End PBXBuildFile section */

/* Begin PBXContainerItemProxy section */
		4713E2DA2685D37A004931EA /* PBXContainerItemProxy */ = {
			isa = PBXContainerItemProxy;
			containerPortal = 4713E2C02685D378004931EA /* Project object */;
			proxyType = 1;
			remoteGlobalIDString = 4713E2C72685D378004931EA;
			remoteInfo = corkios;
		};
		4713E2E52685D37A004931EA /* PBXContainerItemProxy */ = {
			isa = PBXContainerItemProxy;
			containerPortal = 4713E2C02685D378004931EA /* Project object */;
			proxyType = 1;
			remoteGlobalIDString = 4713E2C72685D378004931EA;
			remoteInfo = corkios;
		};
/* End PBXContainerItemProxy section */

/* Begin PBXFileReference section */
		0E0E10638D3155246AD2E3B7 /* Pods-corkiosTests.debug.xcconfig */ = {isa = PBXFileReference; includeInIndex = 1; lastKnownFileType = text.xcconfig; name = "Pods-corkiosTests.debug.xcconfig"; path = "Target Support Files/Pods-corkiosTests/Pods-corkiosTests.debug.xcconfig"; sourceTree = "<group>"; };
		1F8B9792B95CF6B3ED8BCC13 /* Pods-corkios-corkiosUITests.release.xcconfig */ = {isa = PBXFileReference; includeInIndex = 1; lastKnownFileType = text.xcconfig; name = "Pods-corkios-corkiosUITests.release.xcconfig"; path = "Target Support Files/Pods-corkios-corkiosUITests/Pods-corkios-corkiosUITests.release.xcconfig"; sourceTree = "<group>"; };
		262E5FCECCA38252123185F4 /* Pods-corkiosTests.release.xcconfig */ = {isa = PBXFileReference; includeInIndex = 1; lastKnownFileType = text.xcconfig; name = "Pods-corkiosTests.release.xcconfig"; path = "Target Support Files/Pods-corkiosTests/Pods-corkiosTests.release.xcconfig"; sourceTree = "<group>"; };
		380D87AE307951919B0B9ED6 /* Pods-corkios-corkiosUITests.debug.xcconfig */ = {isa = PBXFileReference; includeInIndex = 1; lastKnownFileType = text.xcconfig; name = "Pods-corkios-corkiosUITests.debug.xcconfig"; path = "Target Support Files/Pods-corkios-corkiosUITests/Pods-corkios-corkiosUITests.debug.xcconfig"; sourceTree = "<group>"; };
		3C1EB576AB3F2CA10568B3D7 /* Pods-corkios.debug.xcconfig */ = {isa = PBXFileReference; includeInIndex = 1; lastKnownFileType = text.xcconfig; name = "Pods-corkios.debug.xcconfig"; path = "Target Support Files/Pods-corkios/Pods-corkios.debug.xcconfig"; sourceTree = "<group>"; };
		471150722689CD6D0099BA5C /* LocationManager.swift */ = {isa = PBXFileReference; lastKnownFileType = sourcecode.swift; path = LocationManager.swift; sourceTree = "<group>"; };
		471150742689D10F0099BA5C /* GoogleService-Info.plist */ = {isa = PBXFileReference; fileEncoding = 4; lastKnownFileType = text.plist.xml; path = "GoogleService-Info.plist"; sourceTree = "<group>"; };
		4713E2C82685D378004931EA /* corkios.app */ = {isa = PBXFileReference; explicitFileType = wrapper.application; includeInIndex = 0; path = corkios.app; sourceTree = BUILT_PRODUCTS_DIR; };
		4713E2CB2685D378004931EA /* corkiosApp.swift */ = {isa = PBXFileReference; lastKnownFileType = sourcecode.swift; path = corkiosApp.swift; sourceTree = "<group>"; };
		4713E2CF2685D379004931EA /* Assets.xcassets */ = {isa = PBXFileReference; lastKnownFileType = folder.assetcatalog; path = Assets.xcassets; sourceTree = "<group>"; };
		4713E2D22685D379004931EA /* Preview Assets.xcassets */ = {isa = PBXFileReference; lastKnownFileType = folder.assetcatalog; path = "Preview Assets.xcassets"; sourceTree = "<group>"; };
		4713E2D42685D379004931EA /* Info.plist */ = {isa = PBXFileReference; lastKnownFileType = text.plist.xml; path = Info.plist; sourceTree = "<group>"; };
		4713E2D92685D37A004931EA /* corkiosTests.xctest */ = {isa = PBXFileReference; explicitFileType = wrapper.cfbundle; includeInIndex = 0; path = corkiosTests.xctest; sourceTree = BUILT_PRODUCTS_DIR; };
		4713E2DD2685D37A004931EA /* corkiosTests.swift */ = {isa = PBXFileReference; lastKnownFileType = sourcecode.swift; path = corkiosTests.swift; sourceTree = "<group>"; };
		4713E2DF2685D37A004931EA /* Info.plist */ = {isa = PBXFileReference; lastKnownFileType = text.plist.xml; path = Info.plist; sourceTree = "<group>"; };
		4713E2E42685D37A004931EA /* corkiosUITests.xctest */ = {isa = PBXFileReference; explicitFileType = wrapper.cfbundle; includeInIndex = 0; path = corkiosUITests.xctest; sourceTree = BUILT_PRODUCTS_DIR; };
		4713E2E82685D37A004931EA /* corkiosUITests.swift */ = {isa = PBXFileReference; lastKnownFileType = sourcecode.swift; path = corkiosUITests.swift; sourceTree = "<group>"; };
		4713E2EA2685D37A004931EA /* Info.plist */ = {isa = PBXFileReference; lastKnownFileType = text.plist.xml; path = Info.plist; sourceTree = "<group>"; };
		475417BB268DC5BC00C3A415 /* centres_educatius.json */ = {isa = PBXFileReference; fileEncoding = 4; lastKnownFileType = text.json; name = centres_educatius.json; path = ../../../Downloads/centres_educatius.json; sourceTree = "<group>"; };
		479B3F3A2691FFFD008FE34D /* SignInView.swift */ = {isa = PBXFileReference; fileEncoding = 4; lastKnownFileType = sourcecode.swift; path = SignInView.swift; sourceTree = "<group>"; };
		479B3F3C269200A4008FE34D /* ContentView.swift */ = {isa = PBXFileReference; fileEncoding = 4; lastKnownFileType = sourcecode.swift; path = ContentView.swift; sourceTree = "<group>"; };
		5EB47E1E177120DE1EDB5AC6 /* Pods_corkiosTests.framework */ = {isa = PBXFileReference; explicitFileType = wrapper.framework; includeInIndex = 0; path = Pods_corkiosTests.framework; sourceTree = BUILT_PRODUCTS_DIR; };
		79300116455CAC9584606433 /* Pods-corkios.release.xcconfig */ = {isa = PBXFileReference; includeInIndex = 1; lastKnownFileType = text.xcconfig; name = "Pods-corkios.release.xcconfig"; path = "Target Support Files/Pods-corkios/Pods-corkios.release.xcconfig"; sourceTree = "<group>"; };
		C561CEC3936DBDF919C62D8F /* Pods_corkios.framework */ = {isa = PBXFileReference; explicitFileType = wrapper.framework; includeInIndex = 0; path = Pods_corkios.framework; sourceTree = BUILT_PRODUCTS_DIR; };
		F30F689F6E4DA4AC650DAA7C /* Pods_corkios_corkiosUITests.framework */ = {isa = PBXFileReference; explicitFileType = wrapper.framework; includeInIndex = 0; path = Pods_corkios_corkiosUITests.framework; sourceTree = BUILT_PRODUCTS_DIR; };
/* End PBXFileReference section */

/* Begin PBXFrameworksBuildPhase section */
		4713E2C52685D378004931EA /* Frameworks */ = {
			isa = PBXFrameworksBuildPhase;
			buildActionMask = 2147483647;
			files = (
				B1827CB20B5192A7926D89B3 /* Pods_corkios.framework in Frameworks */,
			);
			runOnlyForDeploymentPostprocessing = 0;
		};
		4713E2D62685D37A004931EA /* Frameworks */ = {
			isa = PBXFrameworksBuildPhase;
			buildActionMask = 2147483647;
			files = (
				B5BEA10CA680225B74E89980 /* Pods_corkiosTests.framework in Frameworks */,
			);
			runOnlyForDeploymentPostprocessing = 0;
		};
		4713E2E12685D37A004931EA /* Frameworks */ = {
			isa = PBXFrameworksBuildPhase;
			buildActionMask = 2147483647;
			files = (
				BF01CD84FFF91E3ED33AB00B /* Pods_corkios_corkiosUITests.framework in Frameworks */,
			);
			runOnlyForDeploymentPostprocessing = 0;
		};
/* End PBXFrameworksBuildPhase section */

/* Begin PBXGroup section */
		2B705AFF5E6AE19C0C1BA17B /* Pods */ = {
			isa = PBXGroup;
			children = (
				3C1EB576AB3F2CA10568B3D7 /* Pods-corkios.debug.xcconfig */,
				79300116455CAC9584606433 /* Pods-corkios.release.xcconfig */,
				380D87AE307951919B0B9ED6 /* Pods-corkios-corkiosUITests.debug.xcconfig */,
				1F8B9792B95CF6B3ED8BCC13 /* Pods-corkios-corkiosUITests.release.xcconfig */,
				0E0E10638D3155246AD2E3B7 /* Pods-corkiosTests.debug.xcconfig */,
				262E5FCECCA38252123185F4 /* Pods-corkiosTests.release.xcconfig */,
			);
			path = Pods;
			sourceTree = "<group>";
		};
		4713E2BF2685D378004931EA = {
			isa = PBXGroup;
			children = (
				4713E2CA2685D378004931EA /* corkios */,
				4713E2DC2685D37A004931EA /* corkiosTests */,
				4713E2E72685D37A004931EA /* corkiosUITests */,
				4713E2C92685D378004931EA /* Products */,
				2B705AFF5E6AE19C0C1BA17B /* Pods */,
				674F1D96DC21845A1399E94E /* Frameworks */,
			);
			sourceTree = "<group>";
		};
		4713E2C92685D378004931EA /* Products */ = {
			isa = PBXGroup;
			children = (
				4713E2C82685D378004931EA /* corkios.app */,
				4713E2D92685D37A004931EA /* corkiosTests.xctest */,
				4713E2E42685D37A004931EA /* corkiosUITests.xctest */,
			);
			name = Products;
			sourceTree = "<group>";
		};
		4713E2CA2685D378004931EA /* corkios */ = {
			isa = PBXGroup;
			children = (
				479B3F3C269200A4008FE34D /* ContentView.swift */,
				479B3F3A2691FFFD008FE34D /* SignInView.swift */,
				4713E2CB2685D378004931EA /* corkiosApp.swift */,
				4713E2CF2685D379004931EA /* Assets.xcassets */,
				475417BB268DC5BC00C3A415 /* centres_educatius.json */,
				4713E2D42685D379004931EA /* Info.plist */,
				471150742689D10F0099BA5C /* GoogleService-Info.plist */,
				4713E2D12685D379004931EA /* Preview Content */,
				471150722689CD6D0099BA5C /* LocationManager.swift */,
			);
			path = corkios;
			sourceTree = "<group>";
		};
		4713E2D12685D379004931EA /* Preview Content */ = {
			isa = PBXGroup;
			children = (
				4713E2D22685D379004931EA /* Preview Assets.xcassets */,
			);
			path = "Preview Content";
			sourceTree = "<group>";
		};
		4713E2DC2685D37A004931EA /* corkiosTests */ = {
			isa = PBXGroup;
			children = (
				4713E2DD2685D37A004931EA /* corkiosTests.swift */,
				4713E2DF2685D37A004931EA /* Info.plist */,
			);
			path = corkiosTests;
			sourceTree = "<group>";
		};
		4713E2E72685D37A004931EA /* corkiosUITests */ = {
			isa = PBXGroup;
			children = (
				4713E2E82685D37A004931EA /* corkiosUITests.swift */,
				4713E2EA2685D37A004931EA /* Info.plist */,
			);
			path = corkiosUITests;
			sourceTree = "<group>";
		};
		674F1D96DC21845A1399E94E /* Frameworks */ = {
			isa = PBXGroup;
			children = (
				C561CEC3936DBDF919C62D8F /* Pods_corkios.framework */,
				F30F689F6E4DA4AC650DAA7C /* Pods_corkios_corkiosUITests.framework */,
				5EB47E1E177120DE1EDB5AC6 /* Pods_corkiosTests.framework */,
			);
			name = Frameworks;
			sourceTree = "<group>";
		};
/* End PBXGroup section */

/* Begin PBXNativeTarget section */
		4713E2C72685D378004931EA /* corkios */ = {
			isa = PBXNativeTarget;
			buildConfigurationList = 4713E2ED2685D37A004931EA /* Build configuration list for PBXNativeTarget "corkios" */;
			buildPhases = (
				33063813DC3A0FB6ACA30355 /* [CP] Check Pods Manifest.lock */,
				4713E2C42685D378004931EA /* Sources */,
				4713E2C52685D378004931EA /* Frameworks */,
				4713E2C62685D378004931EA /* Resources */,
				471E28E6A40B36B01D85609B /* [CP] Embed Pods Frameworks */,
			);
			buildRules = (
			);
			dependencies = (
			);
			name = corkios;
			productName = corkios;
			productReference = 4713E2C82685D378004931EA /* corkios.app */;
			productType = "com.apple.product-type.application";
		};
		4713E2D82685D37A004931EA /* corkiosTests */ = {
			isa = PBXNativeTarget;
			buildConfigurationList = 4713E2F02685D37A004931EA /* Build configuration list for PBXNativeTarget "corkiosTests" */;
			buildPhases = (
				51A023217255E183FE28D92C /* [CP] Check Pods Manifest.lock */,
				4713E2D52685D37A004931EA /* Sources */,
				4713E2D62685D37A004931EA /* Frameworks */,
				4713E2D72685D37A004931EA /* Resources */,
			);
			buildRules = (
			);
			dependencies = (
				4713E2DB2685D37A004931EA /* PBXTargetDependency */,
			);
			name = corkiosTests;
			productName = corkiosTests;
			productReference = 4713E2D92685D37A004931EA /* corkiosTests.xctest */;
			productType = "com.apple.product-type.bundle.unit-test";
		};
		4713E2E32685D37A004931EA /* corkiosUITests */ = {
			isa = PBXNativeTarget;
			buildConfigurationList = 4713E2F32685D37A004931EA /* Build configuration list for PBXNativeTarget "corkiosUITests" */;
			buildPhases = (
				A409031E79F6D2914E679DA3 /* [CP] Check Pods Manifest.lock */,
				4713E2E02685D37A004931EA /* Sources */,
				4713E2E12685D37A004931EA /* Frameworks */,
				4713E2E22685D37A004931EA /* Resources */,
				ECE96CA86C4112CEF01B7B90 /* [CP] Embed Pods Frameworks */,
			);
			buildRules = (
			);
			dependencies = (
				4713E2E62685D37A004931EA /* PBXTargetDependency */,
			);
			name = corkiosUITests;
			productName = corkiosUITests;
			productReference = 4713E2E42685D37A004931EA /* corkiosUITests.xctest */;
			productType = "com.apple.product-type.bundle.ui-testing";
		};
/* End PBXNativeTarget section */

/* Begin PBXProject section */
		4713E2C02685D378004931EA /* Project object */ = {
			isa = PBXProject;
			attributes = {
				LastSwiftUpdateCheck = 1250;
				LastUpgradeCheck = 1250;
				TargetAttributes = {
					4713E2C72685D378004931EA = {
						CreatedOnToolsVersion = 12.5.1;
					};
					4713E2D82685D37A004931EA = {
						CreatedOnToolsVersion = 12.5.1;
						TestTargetID = 4713E2C72685D378004931EA;
					};
					4713E2E32685D37A004931EA = {
						CreatedOnToolsVersion = 12.5.1;
						TestTargetID = 4713E2C72685D378004931EA;
					};
				};
			};
			buildConfigurationList = 4713E2C32685D378004931EA /* Build configuration list for PBXProject "corkios" */;
			compatibilityVersion = "Xcode 9.3";
			developmentRegion = en;
			hasScannedForEncodings = 0;
			knownRegions = (
				en,
				Base,
			);
			mainGroup = 4713E2BF2685D378004931EA;
			productRefGroup = 4713E2C92685D378004931EA /* Products */;
			projectDirPath = "";
			projectRoot = "";
			targets = (
				4713E2C72685D378004931EA /* corkios */,
				4713E2D82685D37A004931EA /* corkiosTests */,
				4713E2E32685D37A004931EA /* corkiosUITests */,
			);
		};
/* End PBXProject section */

/* Begin PBXResourcesBuildPhase section */
		4713E2C62685D378004931EA /* Resources */ = {
			isa = PBXResourcesBuildPhase;
			buildActionMask = 2147483647;
			files = (
				475417BC268DC5BC00C3A415 /* centres_educatius.json in Resources */,
				4713E2D32685D379004931EA /* Preview Assets.xcassets in Resources */,
				4713E2D02685D379004931EA /* Assets.xcassets in Resources */,
				471150752689D10F0099BA5C /* GoogleService-Info.plist in Resources */,
			);
			runOnlyForDeploymentPostprocessing = 0;
		};
		4713E2D72685D37A004931EA /* Resources */ = {
			isa = PBXResourcesBuildPhase;
			buildActionMask = 2147483647;
			files = (
			);
			runOnlyForDeploymentPostprocessing = 0;
		};
		4713E2E22685D37A004931EA /* Resources */ = {
			isa = PBXResourcesBuildPhase;
			buildActionMask = 2147483647;
			files = (
			);
			runOnlyForDeploymentPostprocessing = 0;
		};
/* End PBXResourcesBuildPhase section */

/* Begin PBXShellScriptBuildPhase section */
		33063813DC3A0FB6ACA30355 /* [CP] Check Pods Manifest.lock */ = {
			isa = PBXShellScriptBuildPhase;
			buildActionMask = 2147483647;
			files = (
			);
			inputFileListPaths = (
			);
			inputPaths = (
				"${PODS_PODFILE_DIR_PATH}/Podfile.lock",
				"${PODS_ROOT}/Manifest.lock",
			);
			name = "[CP] Check Pods Manifest.lock";
			outputFileListPaths = (
			);
			outputPaths = (
				"$(DERIVED_FILE_DIR)/Pods-corkios-checkManifestLockResult.txt",
			);
			runOnlyForDeploymentPostprocessing = 0;
			shellPath = /bin/sh;
			shellScript = "diff \"${PODS_PODFILE_DIR_PATH}/Podfile.lock\" \"${PODS_ROOT}/Manifest.lock\" > /dev/null\nif [ $? != 0 ] ; then\n    # print error to STDERR\n    echo \"error: The sandbox is not in sync with the Podfile.lock. Run 'pod install' or update your CocoaPods installation.\" >&2\n    exit 1\nfi\n# This output is used by Xcode 'outputs' to avoid re-running this script phase.\necho \"SUCCESS\" > \"${SCRIPT_OUTPUT_FILE_0}\"\n";
			showEnvVarsInLog = 0;
		};
		471E28E6A40B36B01D85609B /* [CP] Embed Pods Frameworks */ = {
			isa = PBXShellScriptBuildPhase;
			buildActionMask = 2147483647;
			files = (
			);
			inputFileListPaths = (
				"${PODS_ROOT}/Target Support Files/Pods-corkios/Pods-corkios-frameworks-${CONFIGURATION}-input-files.xcfilelist",
			);
			name = "[CP] Embed Pods Frameworks";
			outputFileListPaths = (
				"${PODS_ROOT}/Target Support Files/Pods-corkios/Pods-corkios-frameworks-${CONFIGURATION}-output-files.xcfilelist",
			);
			runOnlyForDeploymentPostprocessing = 0;
			shellPath = /bin/sh;
			shellScript = "\"${PODS_ROOT}/Target Support Files/Pods-corkios/Pods-corkios-frameworks.sh\"\n";
			showEnvVarsInLog = 0;
		};
		51A023217255E183FE28D92C /* [CP] Check Pods Manifest.lock */ = {
			isa = PBXShellScriptBuildPhase;
			buildActionMask = 2147483647;
			files = (
			);
			inputFileListPaths = (
			);
			inputPaths = (
				"${PODS_PODFILE_DIR_PATH}/Podfile.lock",
				"${PODS_ROOT}/Manifest.lock",
			);
			name = "[CP] Check Pods Manifest.lock";
			outputFileListPaths = (
			);
			outputPaths = (
				"$(DERIVED_FILE_DIR)/Pods-corkiosTests-checkManifestLockResult.txt",
			);
			runOnlyForDeploymentPostprocessing = 0;
			shellPath = /bin/sh;
			shellScript = "diff \"${PODS_PODFILE_DIR_PATH}/Podfile.lock\" \"${PODS_ROOT}/Manifest.lock\" > /dev/null\nif [ $? != 0 ] ; then\n    # print error to STDERR\n    echo \"error: The sandbox is not in sync with the Podfile.lock. Run 'pod install' or update your CocoaPods installation.\" >&2\n    exit 1\nfi\n# This output is used by Xcode 'outputs' to avoid re-running this script phase.\necho \"SUCCESS\" > \"${SCRIPT_OUTPUT_FILE_0}\"\n";
			showEnvVarsInLog = 0;
		};
		A409031E79F6D2914E679DA3 /* [CP] Check Pods Manifest.lock */ = {
			isa = PBXShellScriptBuildPhase;
			buildActionMask = 2147483647;
			files = (
			);
			inputFileListPaths = (
			);
			inputPaths = (
				"${PODS_PODFILE_DIR_PATH}/Podfile.lock",
				"${PODS_ROOT}/Manifest.lock",
			);
			name = "[CP] Check Pods Manifest.lock";
			outputFileListPaths = (
			);
			outputPaths = (
				"$(DERIVED_FILE_DIR)/Pods-corkios-corkiosUITests-checkManifestLockResult.txt",
			);
			runOnlyForDeploymentPostprocessing = 0;
			shellPath = /bin/sh;
			shellScript = "diff \"${PODS_PODFILE_DIR_PATH}/Podfile.lock\" \"${PODS_ROOT}/Manifest.lock\" > /dev/null\nif [ $? != 0 ] ; then\n    # print error to STDERR\n    echo \"error: The sandbox is not in sync with the Podfile.lock. Run 'pod install' or update your CocoaPods installation.\" >&2\n    exit 1\nfi\n# This output is used by Xcode 'outputs' to avoid re-running this script phase.\necho \"SUCCESS\" > \"${SCRIPT_OUTPUT_FILE_0}\"\n";
			showEnvVarsInLog = 0;
		};
		ECE96CA86C4112CEF01B7B90 /* [CP] Embed Pods Frameworks */ = {
			isa = PBXShellScriptBuildPhase;
			buildActionMask = 2147483647;
			files = (
			);
			inputFileListPaths = (
				"${PODS_ROOT}/Target Support Files/Pods-corkios-corkiosUITests/Pods-corkios-corkiosUITests-frameworks-${CONFIGURATION}-input-files.xcfilelist",
			);
			name = "[CP] Embed Pods Frameworks";
			outputFileListPaths = (
				"${PODS_ROOT}/Target Support Files/Pods-corkios-corkiosUITests/Pods-corkios-corkiosUITests-frameworks-${CONFIGURATION}-output-files.xcfilelist",
			);
			runOnlyForDeploymentPostprocessing = 0;
			shellPath = /bin/sh;
			shellScript = "\"${PODS_ROOT}/Target Support Files/Pods-corkios-corkiosUITests/Pods-corkios-corkiosUITests-frameworks.sh\"\n";
			showEnvVarsInLog = 0;
		};
/* End PBXShellScriptBuildPhase section */

/* Begin PBXSourcesBuildPhase section */
		4713E2C42685D378004931EA /* Sources */ = {
			isa = PBXSourcesBuildPhase;
			buildActionMask = 2147483647;
			files = (
				471150732689CD6D0099BA5C /* LocationManager.swift in Sources */,
				479B3F3B2691FFFD008FE34D /* SignInView.swift in Sources */,
				479B3F3D269200A4008FE34D /* ContentView.swift in Sources */,
				4713E2CC2685D378004931EA /* corkiosApp.swift in Sources */,
			);
			runOnlyForDeploymentPostprocessing = 0;
		};
		4713E2D52685D37A004931EA /* Sources */ = {
			isa = PBXSourcesBuildPhase;
			buildActionMask = 2147483647;
			files = (
				4713E2DE2685D37A004931EA /* corkiosTests.swift in Sources */,
			);
			runOnlyForDeploymentPostprocessing = 0;
		};
		4713E2E02685D37A004931EA /* Sources */ = {
			isa = PBXSourcesBuildPhase;
			buildActionMask = 2147483647;
			files = (
				4713E2E92685D37A004931EA /* corkiosUITests.swift in Sources */,
			);
			runOnlyForDeploymentPostprocessing = 0;
		};
/* End PBXSourcesBuildPhase section */

/* Begin PBXTargetDependency section */
		4713E2DB2685D37A004931EA /* PBXTargetDependency */ = {
			isa = PBXTargetDependency;
			target = 4713E2C72685D378004931EA /* corkios */;
			targetProxy = 4713E2DA2685D37A004931EA /* PBXContainerItemProxy */;
		};
		4713E2E62685D37A004931EA /* PBXTargetDependency */ = {
			isa = PBXTargetDependency;
			target = 4713E2C72685D378004931EA /* corkios */;
			targetProxy = 4713E2E52685D37A004931EA /* PBXContainerItemProxy */;
		};
/* End PBXTargetDependency section */

/* Begin XCBuildConfiguration section */
		4713E2EB2685D37A004931EA /* Debug */ = {
			isa = XCBuildConfiguration;
			buildSettings = {
				ALWAYS_SEARCH_USER_PATHS = NO;
				CLANG_ANALYZER_NONNULL = YES;
				CLANG_ANALYZER_NUMBER_OBJECT_CONVERSION = YES_AGGRESSIVE;
				CLANG_CXX_LANGUAGE_STANDARD = "gnu++14";
				CLANG_CXX_LIBRARY = "libc++";
				CLANG_ENABLE_MODULES = YES;
				CLANG_ENABLE_OBJC_ARC = YES;
				CLANG_ENABLE_OBJC_WEAK = YES;
				CLANG_WARN_BLOCK_CAPTURE_AUTORELEASING = YES;
				CLANG_WARN_BOOL_CONVERSION = YES;
				CLANG_WARN_COMMA = YES;
				CLANG_WARN_CONSTANT_CONVERSION = YES;
				CLANG_WARN_DEPRECATED_OBJC_IMPLEMENTATIONS = YES;
				CLANG_WARN_DIRECT_OBJC_ISA_USAGE = YES_ERROR;
				CLANG_WARN_DOCUMENTATION_COMMENTS = YES;
				CLANG_WARN_EMPTY_BODY = YES;
				CLANG_WARN_ENUM_CONVERSION = YES;
				CLANG_WARN_INFINITE_RECURSION = YES;
				CLANG_WARN_INT_CONVERSION = YES;
				CLANG_WARN_NON_LITERAL_NULL_CONVERSION = YES;
				CLANG_WARN_OBJC_IMPLICIT_RETAIN_SELF = YES;
				CLANG_WARN_OBJC_LITERAL_CONVERSION = YES;
				CLANG_WARN_OBJC_ROOT_CLASS = YES_ERROR;
				CLANG_WARN_QUOTED_INCLUDE_IN_FRAMEWORK_HEADER = YES;
				CLANG_WARN_RANGE_LOOP_ANALYSIS = YES;
				CLANG_WARN_STRICT_PROTOTYPES = YES;
				CLANG_WARN_SUSPICIOUS_MOVE = YES;
				CLANG_WARN_UNGUARDED_AVAILABILITY = YES_AGGRESSIVE;
				CLANG_WARN_UNREACHABLE_CODE = YES;
				CLANG_WARN__DUPLICATE_METHOD_MATCH = YES;
				COPY_PHASE_STRIP = NO;
				DEBUG_INFORMATION_FORMAT = dwarf;
				ENABLE_STRICT_OBJC_MSGSEND = YES;
				ENABLE_TESTABILITY = YES;
				GCC_C_LANGUAGE_STANDARD = gnu11;
				GCC_DYNAMIC_NO_PIC = NO;
				GCC_NO_COMMON_BLOCKS = YES;
				GCC_OPTIMIZATION_LEVEL = 0;
				GCC_PREPROCESSOR_DEFINITIONS = (
					"DEBUG=1",
					"$(inherited)",
				);
				GCC_WARN_64_TO_32_BIT_CONVERSION = YES;
				GCC_WARN_ABOUT_RETURN_TYPE = YES_ERROR;
				GCC_WARN_UNDECLARED_SELECTOR = YES;
				GCC_WARN_UNINITIALIZED_AUTOS = YES_AGGRESSIVE;
				GCC_WARN_UNUSED_FUNCTION = YES;
				GCC_WARN_UNUSED_VARIABLE = YES;
				IPHONEOS_DEPLOYMENT_TARGET = 14.5;
				MTL_ENABLE_DEBUG_INFO = INCLUDE_SOURCE;
				MTL_FAST_MATH = YES;
				ONLY_ACTIVE_ARCH = YES;
				SDKROOT = iphoneos;
				SWIFT_ACTIVE_COMPILATION_CONDITIONS = DEBUG;
				SWIFT_OPTIMIZATION_LEVEL = "-Onone";
			};
			name = Debug;
		};
		4713E2EC2685D37A004931EA /* Release */ = {
			isa = XCBuildConfiguration;
			buildSettings = {
				ALWAYS_SEARCH_USER_PATHS = NO;
				CLANG_ANALYZER_NONNULL = YES;
				CLANG_ANALYZER_NUMBER_OBJECT_CONVERSION = YES_AGGRESSIVE;
				CLANG_CXX_LANGUAGE_STANDARD = "gnu++14";
				CLANG_CXX_LIBRARY = "libc++";
				CLANG_ENABLE_MODULES = YES;
				CLANG_ENABLE_OBJC_ARC = YES;
				CLANG_ENABLE_OBJC_WEAK = YES;
				CLANG_WARN_BLOCK_CAPTURE_AUTORELEASING = YES;
				CLANG_WARN_BOOL_CONVERSION = YES;
				CLANG_WARN_COMMA = YES;
				CLANG_WARN_CONSTANT_CONVERSION = YES;
				CLANG_WARN_DEPRECATED_OBJC_IMPLEMENTATIONS = YES;
				CLANG_WARN_DIRECT_OBJC_ISA_USAGE = YES_ERROR;
				CLANG_WARN_DOCUMENTATION_COMMENTS = YES;
				CLANG_WARN_EMPTY_BODY = YES;
				CLANG_WARN_ENUM_CONVERSION = YES;
				CLANG_WARN_INFINITE_RECURSION = YES;
				CLANG_WARN_INT_CONVERSION = YES;
				CLANG_WARN_NON_LITERAL_NULL_CONVERSION = YES;
				CLANG_WARN_OBJC_IMPLICIT_RETAIN_SELF = YES;
				CLANG_WARN_OBJC_LITERAL_CONVERSION = YES;
				CLANG_WARN_OBJC_ROOT_CLASS = YES_ERROR;
				CLANG_WARN_QUOTED_INCLUDE_IN_FRAMEWORK_HEADER = YES;
				CLANG_WARN_RANGE_LOOP_ANALYSIS = YES;
				CLANG_WARN_STRICT_PROTOTYPES = YES;
				CLANG_WARN_SUSPICIOUS_MOVE = YES;
				CLANG_WARN_UNGUARDED_AVAILABILITY = YES_AGGRESSIVE;
				CLANG_WARN_UNREACHABLE_CODE = YES;
				CLANG_WARN__DUPLICATE_METHOD_MATCH = YES;
				COPY_PHASE_STRIP = NO;
				DEBUG_INFORMATION_FORMAT = "dwarf-with-dsym";
				ENABLE_NS_ASSERTIONS = NO;
				ENABLE_STRICT_OBJC_MSGSEND = YES;
				GCC_C_LANGUAGE_STANDARD = gnu11;
				GCC_NO_COMMON_BLOCKS = YES;
				GCC_WARN_64_TO_32_BIT_CONVERSION = YES;
				GCC_WARN_ABOUT_RETURN_TYPE = YES_ERROR;
				GCC_WARN_UNDECLARED_SELECTOR = YES;
				GCC_WARN_UNINITIALIZED_AUTOS = YES_AGGRESSIVE;
				GCC_WARN_UNUSED_FUNCTION = YES;
				GCC_WARN_UNUSED_VARIABLE = YES;
				IPHONEOS_DEPLOYMENT_TARGET = 14.5;
				MTL_ENABLE_DEBUG_INFO = NO;
				MTL_FAST_MATH = YES;
				SDKROOT = iphoneos;
				SWIFT_COMPILATION_MODE = wholemodule;
				SWIFT_OPTIMIZATION_LEVEL = "-O";
				VALIDATE_PRODUCT = YES;
			};
			name = Release;
		};
		4713E2EE2685D37A004931EA /* Debug */ = {
			isa = XCBuildConfiguration;
			baseConfigurationReference = 3C1EB576AB3F2CA10568B3D7 /* Pods-corkios.debug.xcconfig */;
			buildSettings = {
				ASSETCATALOG_COMPILER_APPICON_NAME = AppIcon;
				ASSETCATALOG_COMPILER_GLOBAL_ACCENT_COLOR_NAME = AccentColor;
				CODE_SIGN_STYLE = Automatic;
				DEVELOPMENT_ASSET_PATHS = "\"corkios/Preview Content\"";
				ENABLE_PREVIEWS = YES;
				INFOPLIST_FILE = corkios/Info.plist;
				IPHONEOS_DEPLOYMENT_TARGET = 14.0;
				LD_RUNPATH_SEARCH_PATHS = (
					"$(inherited)",
					"@executable_path/Frameworks",
				);
				PRODUCT_BUNDLE_IDENTIFIER = com.intersindical.corkios;
				PRODUCT_NAME = "$(TARGET_NAME)";
				SWIFT_VERSION = 5.0;
				TARGETED_DEVICE_FAMILY = "1,2";
			};
			name = Debug;
		};
		4713E2EF2685D37A004931EA /* Release */ = {
			isa = XCBuildConfiguration;
			baseConfigurationReference = 79300116455CAC9584606433 /* Pods-corkios.release.xcconfig */;
			buildSettings = {
				ASSETCATALOG_COMPILER_APPICON_NAME = AppIcon;
				ASSETCATALOG_COMPILER_GLOBAL_ACCENT_COLOR_NAME = AccentColor;
				CODE_SIGN_STYLE = Automatic;
				DEVELOPMENT_ASSET_PATHS = "\"corkios/Preview Content\"";
				ENABLE_PREVIEWS = YES;
				INFOPLIST_FILE = corkios/Info.plist;
				IPHONEOS_DEPLOYMENT_TARGET = 14.0;
				LD_RUNPATH_SEARCH_PATHS = (
					"$(inherited)",
					"@executable_path/Frameworks",
				);
				PRODUCT_BUNDLE_IDENTIFIER = com.intersindical.corkios;
				PRODUCT_NAME = "$(TARGET_NAME)";
				SWIFT_VERSION = 5.0;
				TARGETED_DEVICE_FAMILY = "1,2";
			};
			name = Release;
		};
		4713E2F12685D37A004931EA /* Debug */ = {
			isa = XCBuildConfiguration;
			baseConfigurationReference = 0E0E10638D3155246AD2E3B7 /* Pods-corkiosTests.debug.xcconfig */;
			buildSettings = {
				ALWAYS_EMBED_SWIFT_STANDARD_LIBRARIES = YES;
				BUNDLE_LOADER = "$(TEST_HOST)";
				CODE_SIGN_STYLE = Automatic;
				INFOPLIST_FILE = corkiosTests/Info.plist;
				IPHONEOS_DEPLOYMENT_TARGET = 14.0;
				LD_RUNPATH_SEARCH_PATHS = (
					"$(inherited)",
					"@executable_path/Frameworks",
					"@loader_path/Frameworks",
				);
				PRODUCT_BUNDLE_IDENTIFIER = com.intersindical.corkiosTests;
				PRODUCT_NAME = "$(TARGET_NAME)";
				SWIFT_VERSION = 5.0;
				TARGETED_DEVICE_FAMILY = "1,2";
				TEST_HOST = "$(BUILT_PRODUCTS_DIR)/corkios.app/corkios";
			};
			name = Debug;
		};
		4713E2F22685D37A004931EA /* Release */ = {
			isa = XCBuildConfiguration;
			baseConfigurationReference = 262E5FCECCA38252123185F4 /* Pods-corkiosTests.release.xcconfig */;
			buildSettings = {
				ALWAYS_EMBED_SWIFT_STANDARD_LIBRARIES = YES;
				BUNDLE_LOADER = "$(TEST_HOST)";
				CODE_SIGN_STYLE = Automatic;
				INFOPLIST_FILE = corkiosTests/Info.plist;
				IPHONEOS_DEPLOYMENT_TARGET = 14.0;
				LD_RUNPATH_SEARCH_PATHS = (
					"$(inherited)",
					"@executable_path/Frameworks",
					"@loader_path/Frameworks",
				);
				PRODUCT_BUNDLE_IDENTIFIER = com.intersindical.corkiosTests;
				PRODUCT_NAME = "$(TARGET_NAME)";
				SWIFT_VERSION = 5.0;
				TARGETED_DEVICE_FAMILY = "1,2";
				TEST_HOST = "$(BUILT_PRODUCTS_DIR)/corkios.app/corkios";
			};
			name = Release;
		};
		4713E2F42685D37A004931EA /* Debug */ = {
			isa = XCBuildConfiguration;
			baseConfigurationReference = 380D87AE307951919B0B9ED6 /* Pods-corkios-corkiosUITests.debug.xcconfig */;
			buildSettings = {
				ALWAYS_EMBED_SWIFT_STANDARD_LIBRARIES = YES;
				CODE_SIGN_STYLE = Automatic;
				INFOPLIST_FILE = corkiosUITests/Info.plist;
				LD_RUNPATH_SEARCH_PATHS = (
					"$(inherited)",
					"@executable_path/Frameworks",
					"@loader_path/Frameworks",
				);
				PRODUCT_BUNDLE_IDENTIFIER = com.intersindical.corkiosUITests;
				PRODUCT_NAME = "$(TARGET_NAME)";
				SWIFT_VERSION = 5.0;
				TARGETED_DEVICE_FAMILY = "1,2";
				TEST_TARGET_NAME = corkios;
			};
			name = Debug;
		};
		4713E2F52685D37A004931EA /* Release */ = {
			isa = XCBuildConfiguration;
			baseConfigurationReference = 1F8B9792B95CF6B3ED8BCC13 /* Pods-corkios-corkiosUITests.release.xcconfig */;
			buildSettings = {
				ALWAYS_EMBED_SWIFT_STANDARD_LIBRARIES = YES;
				CODE_SIGN_STYLE = Automatic;
				INFOPLIST_FILE = corkiosUITests/Info.plist;
				LD_RUNPATH_SEARCH_PATHS = (
					"$(inherited)",
					"@executable_path/Frameworks",
					"@loader_path/Frameworks",
				);
				PRODUCT_BUNDLE_IDENTIFIER = com.intersindical.corkiosUITests;
				PRODUCT_NAME = "$(TARGET_NAME)";
				SWIFT_VERSION = 5.0;
				TARGETED_DEVICE_FAMILY = "1,2";
				TEST_TARGET_NAME = corkios;
			};
			name = Release;
		};
/* End XCBuildConfiguration section */

/* Begin XCConfigurationList section */
		4713E2C32685D378004931EA /* Build configuration list for PBXProject "corkios" */ = {
			isa = XCConfigurationList;
			buildConfigurations = (
				4713E2EB2685D37A004931EA /* Debug */,
				4713E2EC2685D37A004931EA /* Release */,
			);
			defaultConfigurationIsVisible = 0;
			defaultConfigurationName = Release;
		};
		4713E2ED2685D37A004931EA /* Build configuration list for PBXNativeTarget "corkios" */ = {
			isa = XCConfigurationList;
			buildConfigurations = (
				4713E2EE2685D37A004931EA /* Debug */,
				4713E2EF2685D37A004931EA /* Release */,
			);
			defaultConfigurationIsVisible = 0;
			defaultConfigurationName = Release;
		};
		4713E2F02685D37A004931EA /* Build configuration list for PBXNativeTarget "corkiosTests" */ = {
			isa = XCConfigurationList;
			buildConfigurations = (
				4713E2F12685D37A004931EA /* Debug */,
				4713E2F22685D37A004931EA /* Release */,
			);
			defaultConfigurationIsVisible = 0;
			defaultConfigurationName = Release;
		};
		4713E2F32685D37A004931EA /* Build configuration list for PBXNativeTarget "corkiosUITests" */ = {
			isa = XCConfigurationList;
			buildConfigurations = (
				4713E2F42685D37A004931EA /* Debug */,
				4713E2F52685D37A004931EA /* Release */,
			);
			defaultConfigurationIsVisible = 0;
			defaultConfigurationName = Release;
		};
/* End XCConfigurationList section */
	};
	rootObject = 4713E2C02685D378004931EA /* Project object */;
}
